// !$*UTF8*$!
{
	archiveVersion = 1;
	classes = {
	};
	objectVersion = 55;
	objects = {

/* Begin PBXBuildFile section */
		F35201EF27558D8100C3ABB8 /* AppDelegate.swift in Sources */ = {isa = PBXBuildFile; fileRef = F35201EE27558D8100C3ABB8 /* AppDelegate.swift */; };
		F35201F127558D8100C3ABB8 /* SceneDelegate.swift in Sources */ = {isa = PBXBuildFile; fileRef = F35201F027558D8100C3ABB8 /* SceneDelegate.swift */; };
		F35201F327558D8100C3ABB8 /* ViewController.swift in Sources */ = {isa = PBXBuildFile; fileRef = F35201F227558D8100C3ABB8 /* ViewController.swift */; };
		F35201F627558D8100C3ABB8 /* Main.storyboard in Resources */ = {isa = PBXBuildFile; fileRef = F35201F427558D8100C3ABB8 /* Main.storyboard */; };
		F35201F827558D8500C3ABB8 /* Assets.xcassets in Resources */ = {isa = PBXBuildFile; fileRef = F35201F727558D8500C3ABB8 /* Assets.xcassets */; };
		F35201FB27558D8500C3ABB8 /* LaunchScreen.storyboard in Resources */ = {isa = PBXBuildFile; fileRef = F35201F927558D8500C3ABB8 /* LaunchScreen.storyboard */; };
		F352020627558D8500C3ABB8 /* App_MarvelTests.swift in Sources */ = {isa = PBXBuildFile; fileRef = F352020527558D8500C3ABB8 /* App_MarvelTests.swift */; };
		F352021027558D8500C3ABB8 /* App_MarvelUITests.swift in Sources */ = {isa = PBXBuildFile; fileRef = F352020F27558D8500C3ABB8 /* App_MarvelUITests.swift */; };
		F352021227558D8500C3ABB8 /* App_MarvelUITestsLaunchTests.swift in Sources */ = {isa = PBXBuildFile; fileRef = F352021127558D8500C3ABB8 /* App_MarvelUITestsLaunchTests.swift */; };
		F3520220275662CF00C3ABB8 /* md5.swift in Sources */ = {isa = PBXBuildFile; fileRef = F352021F275662CF00C3ABB8 /* md5.swift */; };
		F3520225275852D500C3ABB8 /* HomeFactory.swift in Sources */ = {isa = PBXBuildFile; fileRef = F3520224275852D500C3ABB8 /* HomeFactory.swift */; };
		F3520227275852F600C3ABB8 /* HomeInterector.swift in Sources */ = {isa = PBXBuildFile; fileRef = F3520226275852F600C3ABB8 /* HomeInterector.swift */; };
		F35202292758531100C3ABB8 /* HomePresenter.swift in Sources */ = {isa = PBXBuildFile; fileRef = F35202282758531100C3ABB8 /* HomePresenter.swift */; };
		F352022B2758534A00C3ABB8 /* HomeWireframe.swift in Sources */ = {isa = PBXBuildFile; fileRef = F352022A2758534A00C3ABB8 /* HomeWireframe.swift */; };
		F352022D2758539700C3ABB8 /* HomeViewController.swift in Sources */ = {isa = PBXBuildFile; fileRef = F352022C2758539700C3ABB8 /* HomeViewController.swift */; };
		F35202D5275867C900C3ABB8 /* MarvelApiClient.swift in Sources */ = {isa = PBXBuildFile; fileRef = F35202D4275867C900C3ABB8 /* MarvelApiClient.swift */; };
		F35202D9275870F500C3ABB8 /* MarvelManager.swift in Sources */ = {isa = PBXBuildFile; fileRef = F35202D8275870F500C3ABB8 /* MarvelManager.swift */; };
		F35202DB2758749E00C3ABB8 /* DataContainer.swift in Sources */ = {isa = PBXBuildFile; fileRef = F35202DA2758749E00C3ABB8 /* DataContainer.swift */; };
		F35202DE275874CE00C3ABB8 /* MarvelResponse.swift in Sources */ = {isa = PBXBuildFile; fileRef = F35202DD275874CE00C3ABB8 /* MarvelResponse.swift */; };
		F35202E02758750200C3ABB8 /* ComicCharacter.swift in Sources */ = {isa = PBXBuildFile; fileRef = F35202DF2758750200C3ABB8 /* ComicCharacter.swift */; };
		F35202E22758752E00C3ABB8 /* Image.swift in Sources */ = {isa = PBXBuildFile; fileRef = F35202E12758752E00C3ABB8 /* Image.swift */; };
		F35202E42758755500C3ABB8 /* MarvelError.swift in Sources */ = {isa = PBXBuildFile; fileRef = F35202E32758755500C3ABB8 /* MarvelError.swift */; };
		F35202E62758762200C3ABB8 /* APIRequest.swift in Sources */ = {isa = PBXBuildFile; fileRef = F35202E52758762200C3ABB8 /* APIRequest.swift */; };
		F35202E82758779A00C3ABB8 /* URLQueryItemEncoder.swift in Sources */ = {isa = PBXBuildFile; fileRef = F35202E72758779900C3ABB8 /* URLQueryItemEncoder.swift */; };
		F35202EA2758780400C3ABB8 /* HTTPParameter.swift in Sources */ = {isa = PBXBuildFile; fileRef = F35202E92758780400C3ABB8 /* HTTPParameter.swift */; };
		F35202EC27587D2A00C3ABB8 /* GetCharacters.swift in Sources */ = {isa = PBXBuildFile; fileRef = F35202EB27587D2A00C3ABB8 /* GetCharacters.swift */; };
		F35202F02758EA0F00C3ABB8 /* ComicCharacterEntenty.swift in Sources */ = {isa = PBXBuildFile; fileRef = F35202EF2758EA0F00C3ABB8 /* ComicCharacterEntenty.swift */; };
		F35202F22758ECFB00C3ABB8 /* ComicCharacterDisplay.swift in Sources */ = {isa = PBXBuildFile; fileRef = F35202F12758ECFB00C3ABB8 /* ComicCharacterDisplay.swift */; };
		F35202F42759065C00C3ABB8 /* CharacterCell.swift in Sources */ = {isa = PBXBuildFile; fileRef = F35202F32759065C00C3ABB8 /* CharacterCell.swift */; };
		F35202F92762B34D00C3ABB8 /* DetailComicViewController.swift in Sources */ = {isa = PBXBuildFile; fileRef = F35202F82762B34D00C3ABB8 /* DetailComicViewController.swift */; };
		F35202FB2762B37800C3ABB8 /* DetailComicFactory.swift in Sources */ = {isa = PBXBuildFile; fileRef = F35202FA2762B37800C3ABB8 /* DetailComicFactory.swift */; };
		F35202FD2762B38A00C3ABB8 /* DetailComicPresenter.swift in Sources */ = {isa = PBXBuildFile; fileRef = F35202FC2762B38A00C3ABB8 /* DetailComicPresenter.swift */; };
		F35202FF2762B3AE00C3ABB8 /* DetailComicInteractor.swift in Sources */ = {isa = PBXBuildFile; fileRef = F35202FE2762B3AE00C3ABB8 /* DetailComicInteractor.swift */; };
		F35203012762B41300C3ABB8 /* DetailComicWireframe.swift in Sources */ = {isa = PBXBuildFile; fileRef = F35203002762B41300C3ABB8 /* DetailComicWireframe.swift */; };
		F35203032762C9DE00C3ABB8 /* GetComic.swift in Sources */ = {isa = PBXBuildFile; fileRef = F35203022762C9DE00C3ABB8 /* GetComic.swift */; };
		F35203052762CAEA00C3ABB8 /* Comic.swift in Sources */ = {isa = PBXBuildFile; fileRef = F35203042762CAEA00C3ABB8 /* Comic.swift */; };
/* End PBXBuildFile section */

/* Begin PBXContainerItemProxy section */
		F352020227558D8500C3ABB8 /* PBXContainerItemProxy */ = {
			isa = PBXContainerItemProxy;
			containerPortal = F35201E327558D8100C3ABB8 /* Project object */;
			proxyType = 1;
			remoteGlobalIDString = F35201EA27558D8100C3ABB8;
			remoteInfo = "App Marvel";
		};
		F352020C27558D8500C3ABB8 /* PBXContainerItemProxy */ = {
			isa = PBXContainerItemProxy;
			containerPortal = F35201E327558D8100C3ABB8 /* Project object */;
			proxyType = 1;
			remoteGlobalIDString = F35201EA27558D8100C3ABB8;
			remoteInfo = "App Marvel";
		};
/* End PBXContainerItemProxy section */

/* Begin PBXFileReference section */
		F35201EB27558D8100C3ABB8 /* App Marvel.app */ = {isa = PBXFileReference; explicitFileType = wrapper.application; includeInIndex = 0; path = "App Marvel.app"; sourceTree = BUILT_PRODUCTS_DIR; };
		F35201EE27558D8100C3ABB8 /* AppDelegate.swift */ = {isa = PBXFileReference; lastKnownFileType = sourcecode.swift; path = AppDelegate.swift; sourceTree = "<group>"; };
		F35201F027558D8100C3ABB8 /* SceneDelegate.swift */ = {isa = PBXFileReference; lastKnownFileType = sourcecode.swift; path = SceneDelegate.swift; sourceTree = "<group>"; };
		F35201F227558D8100C3ABB8 /* ViewController.swift */ = {isa = PBXFileReference; lastKnownFileType = sourcecode.swift; path = ViewController.swift; sourceTree = "<group>"; };
		F35201F527558D8100C3ABB8 /* Base */ = {isa = PBXFileReference; lastKnownFileType = file.storyboard; name = Base; path = Base.lproj/Main.storyboard; sourceTree = "<group>"; };
		F35201F727558D8500C3ABB8 /* Assets.xcassets */ = {isa = PBXFileReference; lastKnownFileType = folder.assetcatalog; path = Assets.xcassets; sourceTree = "<group>"; };
		F35201FA27558D8500C3ABB8 /* Base */ = {isa = PBXFileReference; lastKnownFileType = file.storyboard; name = Base; path = Base.lproj/LaunchScreen.storyboard; sourceTree = "<group>"; };
		F35201FC27558D8500C3ABB8 /* Info.plist */ = {isa = PBXFileReference; lastKnownFileType = text.plist.xml; path = Info.plist; sourceTree = "<group>"; };
		F352020127558D8500C3ABB8 /* App MarvelTests.xctest */ = {isa = PBXFileReference; explicitFileType = wrapper.cfbundle; includeInIndex = 0; path = "App MarvelTests.xctest"; sourceTree = BUILT_PRODUCTS_DIR; };
		F352020527558D8500C3ABB8 /* App_MarvelTests.swift */ = {isa = PBXFileReference; lastKnownFileType = sourcecode.swift; path = App_MarvelTests.swift; sourceTree = "<group>"; };
		F352020B27558D8500C3ABB8 /* App MarvelUITests.xctest */ = {isa = PBXFileReference; explicitFileType = wrapper.cfbundle; includeInIndex = 0; path = "App MarvelUITests.xctest"; sourceTree = BUILT_PRODUCTS_DIR; };
		F352020F27558D8500C3ABB8 /* App_MarvelUITests.swift */ = {isa = PBXFileReference; lastKnownFileType = sourcecode.swift; path = App_MarvelUITests.swift; sourceTree = "<group>"; };
		F352021127558D8500C3ABB8 /* App_MarvelUITestsLaunchTests.swift */ = {isa = PBXFileReference; lastKnownFileType = sourcecode.swift; path = App_MarvelUITestsLaunchTests.swift; sourceTree = "<group>"; };
		F352021F275662CF00C3ABB8 /* md5.swift */ = {isa = PBXFileReference; lastKnownFileType = sourcecode.swift; path = md5.swift; sourceTree = "<group>"; };
		F3520224275852D500C3ABB8 /* HomeFactory.swift */ = {isa = PBXFileReference; lastKnownFileType = sourcecode.swift; path = HomeFactory.swift; sourceTree = "<group>"; };
		F3520226275852F600C3ABB8 /* HomeInterector.swift */ = {isa = PBXFileReference; lastKnownFileType = sourcecode.swift; path = HomeInterector.swift; sourceTree = "<group>"; };
		F35202282758531100C3ABB8 /* HomePresenter.swift */ = {isa = PBXFileReference; lastKnownFileType = sourcecode.swift; path = HomePresenter.swift; sourceTree = "<group>"; };
		F352022A2758534A00C3ABB8 /* HomeWireframe.swift */ = {isa = PBXFileReference; lastKnownFileType = sourcecode.swift; path = HomeWireframe.swift; sourceTree = "<group>"; };
		F352022C2758539700C3ABB8 /* HomeViewController.swift */ = {isa = PBXFileReference; lastKnownFileType = sourcecode.swift; path = HomeViewController.swift; sourceTree = "<group>"; };
		F35202D4275867C900C3ABB8 /* MarvelApiClient.swift */ = {isa = PBXFileReference; lastKnownFileType = sourcecode.swift; path = MarvelApiClient.swift; sourceTree = "<group>"; };
		F35202D8275870F500C3ABB8 /* MarvelManager.swift */ = {isa = PBXFileReference; lastKnownFileType = sourcecode.swift; path = MarvelManager.swift; sourceTree = "<group>"; };
		F35202DA2758749E00C3ABB8 /* DataContainer.swift */ = {isa = PBXFileReference; lastKnownFileType = sourcecode.swift; path = DataContainer.swift; sourceTree = "<group>"; };
		F35202DD275874CE00C3ABB8 /* MarvelResponse.swift */ = {isa = PBXFileReference; lastKnownFileType = sourcecode.swift; path = MarvelResponse.swift; sourceTree = "<group>"; };
		F35202DF2758750200C3ABB8 /* ComicCharacter.swift */ = {isa = PBXFileReference; lastKnownFileType = sourcecode.swift; path = ComicCharacter.swift; sourceTree = "<group>"; };
		F35202E12758752E00C3ABB8 /* Image.swift */ = {isa = PBXFileReference; lastKnownFileType = sourcecode.swift; path = Image.swift; sourceTree = "<group>"; };
		F35202E32758755500C3ABB8 /* MarvelError.swift */ = {isa = PBXFileReference; lastKnownFileType = sourcecode.swift; path = MarvelError.swift; sourceTree = "<group>"; };
		F35202E52758762200C3ABB8 /* APIRequest.swift */ = {isa = PBXFileReference; lastKnownFileType = sourcecode.swift; path = APIRequest.swift; sourceTree = "<group>"; };
		F35202E72758779900C3ABB8 /* URLQueryItemEncoder.swift */ = {isa = PBXFileReference; lastKnownFileType = sourcecode.swift; path = URLQueryItemEncoder.swift; sourceTree = "<group>"; };
		F35202E92758780400C3ABB8 /* HTTPParameter.swift */ = {isa = PBXFileReference; lastKnownFileType = sourcecode.swift; path = HTTPParameter.swift; sourceTree = "<group>"; };
		F35202EB27587D2A00C3ABB8 /* GetCharacters.swift */ = {isa = PBXFileReference; lastKnownFileType = sourcecode.swift; path = GetCharacters.swift; sourceTree = "<group>"; };
		F35202EF2758EA0F00C3ABB8 /* ComicCharacterEntenty.swift */ = {isa = PBXFileReference; lastKnownFileType = sourcecode.swift; path = ComicCharacterEntenty.swift; sourceTree = "<group>"; };
		F35202F12758ECFB00C3ABB8 /* ComicCharacterDisplay.swift */ = {isa = PBXFileReference; lastKnownFileType = sourcecode.swift; path = ComicCharacterDisplay.swift; sourceTree = "<group>"; };
		F35202F32759065C00C3ABB8 /* CharacterCell.swift */ = {isa = PBXFileReference; lastKnownFileType = sourcecode.swift; path = CharacterCell.swift; sourceTree = "<group>"; };
		F35202F82762B34D00C3ABB8 /* DetailComicViewController.swift */ = {isa = PBXFileReference; lastKnownFileType = sourcecode.swift; path = DetailComicViewController.swift; sourceTree = "<group>"; };
		F35202FA2762B37800C3ABB8 /* DetailComicFactory.swift */ = {isa = PBXFileReference; lastKnownFileType = sourcecode.swift; path = DetailComicFactory.swift; sourceTree = "<group>"; };
		F35202FC2762B38A00C3ABB8 /* DetailComicPresenter.swift */ = {isa = PBXFileReference; lastKnownFileType = sourcecode.swift; path = DetailComicPresenter.swift; sourceTree = "<group>"; };
		F35202FE2762B3AE00C3ABB8 /* DetailComicInteractor.swift */ = {isa = PBXFileReference; lastKnownFileType = sourcecode.swift; path = DetailComicInteractor.swift; sourceTree = "<group>"; };
		F35203002762B41300C3ABB8 /* DetailComicWireframe.swift */ = {isa = PBXFileReference; lastKnownFileType = sourcecode.swift; path = DetailComicWireframe.swift; sourceTree = "<group>"; };
		F35203022762C9DE00C3ABB8 /* GetComic.swift */ = {isa = PBXFileReference; lastKnownFileType = sourcecode.swift; path = GetComic.swift; sourceTree = "<group>"; };
		F35203042762CAEA00C3ABB8 /* Comic.swift */ = {isa = PBXFileReference; lastKnownFileType = sourcecode.swift; path = Comic.swift; sourceTree = "<group>"; };
/* End PBXFileReference section */

/* Begin PBXFrameworksBuildPhase section */
		F35201E827558D8100C3ABB8 /* Frameworks */ = {
			isa = PBXFrameworksBuildPhase;
			buildActionMask = 2147483647;
			files = (
			);
			runOnlyForDeploymentPostprocessing = 0;
		};
		F35201FE27558D8500C3ABB8 /* Frameworks */ = {
			isa = PBXFrameworksBuildPhase;
			buildActionMask = 2147483647;
			files = (
			);
			runOnlyForDeploymentPostprocessing = 0;
		};
		F352020827558D8500C3ABB8 /* Frameworks */ = {
			isa = PBXFrameworksBuildPhase;
			buildActionMask = 2147483647;
			files = (
			);
			runOnlyForDeploymentPostprocessing = 0;
		};
/* End PBXFrameworksBuildPhase section */

/* Begin PBXGroup section */
		F35201E227558D8100C3ABB8 = {
			isa = PBXGroup;
			children = (
				F35201ED27558D8100C3ABB8 /* App Marvel */,
				F352020427558D8500C3ABB8 /* App MarvelTests */,
				F352020E27558D8500C3ABB8 /* App MarvelUITests */,
				F35201EC27558D8100C3ABB8 /* Products */,
			);
			sourceTree = "<group>";
		};
		F35201EC27558D8100C3ABB8 /* Products */ = {
			isa = PBXGroup;
			children = (
				F35201EB27558D8100C3ABB8 /* App Marvel.app */,
				F352020127558D8500C3ABB8 /* App MarvelTests.xctest */,
				F352020B27558D8500C3ABB8 /* App MarvelUITests.xctest */,
			);
			name = Products;
			sourceTree = "<group>";
		};
		F35201ED27558D8100C3ABB8 /* App Marvel */ = {
			isa = PBXGroup;
			children = (
				F35202D22758679700C3ABB8 /* Commom */,
				F3520222275851DC00C3ABB8 /* Modules */,
				F35202212757B06300C3ABB8 /* Models */,
				F352021E2756629000C3ABB8 /* Utils */,
				F35201EE27558D8100C3ABB8 /* AppDelegate.swift */,
				F35201F027558D8100C3ABB8 /* SceneDelegate.swift */,
				F35201F227558D8100C3ABB8 /* ViewController.swift */,
				F35201F427558D8100C3ABB8 /* Main.storyboard */,
				F35201F727558D8500C3ABB8 /* Assets.xcassets */,
				F35201F927558D8500C3ABB8 /* LaunchScreen.storyboard */,
				F35201FC27558D8500C3ABB8 /* Info.plist */,
			);
			path = "App Marvel";
			sourceTree = "<group>";
		};
		F352020427558D8500C3ABB8 /* App MarvelTests */ = {
			isa = PBXGroup;
			children = (
				F352020527558D8500C3ABB8 /* App_MarvelTests.swift */,
			);
			path = "App MarvelTests";
			sourceTree = "<group>";
		};
		F352020E27558D8500C3ABB8 /* App MarvelUITests */ = {
			isa = PBXGroup;
			children = (
				F352020F27558D8500C3ABB8 /* App_MarvelUITests.swift */,
				F352021127558D8500C3ABB8 /* App_MarvelUITestsLaunchTests.swift */,
			);
			path = "App MarvelUITests";
			sourceTree = "<group>";
		};
		F352021E2756629000C3ABB8 /* Utils */ = {
			isa = PBXGroup;
			children = (
				F352021F275662CF00C3ABB8 /* md5.swift */,
				F35202E72758779900C3ABB8 /* URLQueryItemEncoder.swift */,
				F35202E92758780400C3ABB8 /* HTTPParameter.swift */,
			);
			path = Utils;
			sourceTree = "<group>";
		};
		F35202212757B06300C3ABB8 /* Models */ = {
			isa = PBXGroup;
			children = (
			);
			path = Models;
			sourceTree = "<group>";
		};
		F3520222275851DC00C3ABB8 /* Modules */ = {
			isa = PBXGroup;
			children = (
				F35202F72762B30800C3ABB8 /* Detail */,
				F3520223275851E900C3ABB8 /* Home */,
			);
			path = Modules;
			sourceTree = "<group>";
		};
		F3520223275851E900C3ABB8 /* Home */ = {
			isa = PBXGroup;
			children = (
				F3520224275852D500C3ABB8 /* HomeFactory.swift */,
				F3520226275852F600C3ABB8 /* HomeInterector.swift */,
				F35202282758531100C3ABB8 /* HomePresenter.swift */,
				F352022A2758534A00C3ABB8 /* HomeWireframe.swift */,
				F352022C2758539700C3ABB8 /* HomeViewController.swift */,
				F35202EF2758EA0F00C3ABB8 /* ComicCharacterEntenty.swift */,
				F35202F12758ECFB00C3ABB8 /* ComicCharacterDisplay.swift */,
				F35202F32759065C00C3ABB8 /* CharacterCell.swift */,
			);
			path = Home;
			sourceTree = "<group>";
		};
		F35202D22758679700C3ABB8 /* Commom */ = {
			isa = PBXGroup;
			children = (
				F35202D3275867A900C3ABB8 /* Manager */,
			);
			path = Commom;
			sourceTree = "<group>";
		};
		F35202D3275867A900C3ABB8 /* Manager */ = {
			isa = PBXGroup;
			children = (
				F35202EE27587E4000C3ABB8 /* Model */,
				F35202ED27587E2500C3ABB8 /* Request */,
				F35202D4275867C900C3ABB8 /* MarvelApiClient.swift */,
				F35202D8275870F500C3ABB8 /* MarvelManager.swift */,
				F35202E32758755500C3ABB8 /* MarvelError.swift */,
			);
			path = Manager;
			sourceTree = "<group>";
		};
		F35202ED27587E2500C3ABB8 /* Request */ = {
			isa = PBXGroup;
			children = (
				F35202E52758762200C3ABB8 /* APIRequest.swift */,
				F35202EB27587D2A00C3ABB8 /* GetCharacters.swift */,
				F35203022762C9DE00C3ABB8 /* GetComic.swift */,
			);
			path = Request;
			sourceTree = "<group>";
		};
		F35202EE27587E4000C3ABB8 /* Model */ = {
			isa = PBXGroup;
			children = (
				F35202DF2758750200C3ABB8 /* ComicCharacter.swift */,
				F35202E12758752E00C3ABB8 /* Image.swift */,
				F35202DA2758749E00C3ABB8 /* DataContainer.swift */,
				F35202DD275874CE00C3ABB8 /* MarvelResponse.swift */,
				F35203042762CAEA00C3ABB8 /* Comic.swift */,
			);
			path = Model;
			sourceTree = "<group>";
		};
		F35202F72762B30800C3ABB8 /* Detail */ = {
			isa = PBXGroup;
			children = (
				F35202F82762B34D00C3ABB8 /* DetailComicViewController.swift */,
				F35202FA2762B37800C3ABB8 /* DetailComicFactory.swift */,
				F35202FC2762B38A00C3ABB8 /* DetailComicPresenter.swift */,
				F35202FE2762B3AE00C3ABB8 /* DetailComicInteractor.swift */,
				F35203002762B41300C3ABB8 /* DetailComicWireframe.swift */,
			);
			path = Detail;
			sourceTree = "<group>";
		};
/* End PBXGroup section */

/* Begin PBXNativeTarget section */
		F35201EA27558D8100C3ABB8 /* App Marvel */ = {
			isa = PBXNativeTarget;
			buildConfigurationList = F352021527558D8500C3ABB8 /* Build configuration list for PBXNativeTarget "App Marvel" */;
			buildPhases = (
				F35201E727558D8100C3ABB8 /* Sources */,
				F35201E827558D8100C3ABB8 /* Frameworks */,
				F35201E927558D8100C3ABB8 /* Resources */,
			);
			buildRules = (
			);
			dependencies = (
			);
			name = "App Marvel";
			productName = "App Marvel";
			productReference = F35201EB27558D8100C3ABB8 /* App Marvel.app */;
			productType = "com.apple.product-type.application";
		};
		F352020027558D8500C3ABB8 /* App MarvelTests */ = {
			isa = PBXNativeTarget;
			buildConfigurationList = F352021827558D8500C3ABB8 /* Build configuration list for PBXNativeTarget "App MarvelTests" */;
			buildPhases = (
				F35201FD27558D8500C3ABB8 /* Sources */,
				F35201FE27558D8500C3ABB8 /* Frameworks */,
				F35201FF27558D8500C3ABB8 /* Resources */,
			);
			buildRules = (
			);
			dependencies = (
				F352020327558D8500C3ABB8 /* PBXTargetDependency */,
			);
			name = "App MarvelTests";
			productName = "App MarvelTests";
			productReference = F352020127558D8500C3ABB8 /* App MarvelTests.xctest */;
			productType = "com.apple.product-type.bundle.unit-test";
		};
		F352020A27558D8500C3ABB8 /* App MarvelUITests */ = {
			isa = PBXNativeTarget;
			buildConfigurationList = F352021B27558D8500C3ABB8 /* Build configuration list for PBXNativeTarget "App MarvelUITests" */;
			buildPhases = (
				F352020727558D8500C3ABB8 /* Sources */,
				F352020827558D8500C3ABB8 /* Frameworks */,
				F352020927558D8500C3ABB8 /* Resources */,
			);
			buildRules = (
			);
			dependencies = (
				F352020D27558D8500C3ABB8 /* PBXTargetDependency */,
			);
			name = "App MarvelUITests";
			productName = "App MarvelUITests";
			productReference = F352020B27558D8500C3ABB8 /* App MarvelUITests.xctest */;
			productType = "com.apple.product-type.bundle.ui-testing";
		};
/* End PBXNativeTarget section */

/* Begin PBXProject section */
		F35201E327558D8100C3ABB8 /* Project object */ = {
			isa = PBXProject;
			attributes = {
				BuildIndependentTargetsInParallel = 1;
				LastSwiftUpdateCheck = 1310;
				LastUpgradeCheck = 1310;
				TargetAttributes = {
					F35201EA27558D8100C3ABB8 = {
						CreatedOnToolsVersion = 13.1;
					};
					F352020027558D8500C3ABB8 = {
						CreatedOnToolsVersion = 13.1;
						TestTargetID = F35201EA27558D8100C3ABB8;
					};
					F352020A27558D8500C3ABB8 = {
						CreatedOnToolsVersion = 13.1;
						TestTargetID = F35201EA27558D8100C3ABB8;
					};
				};
			};
			buildConfigurationList = F35201E627558D8100C3ABB8 /* Build configuration list for PBXProject "App Marvel" */;
			compatibilityVersion = "Xcode 13.0";
			developmentRegion = en;
			hasScannedForEncodings = 0;
			knownRegions = (
				en,
				Base,
			);
			mainGroup = F35201E227558D8100C3ABB8;
			productRefGroup = F35201EC27558D8100C3ABB8 /* Products */;
			projectDirPath = "";
			projectRoot = "";
			targets = (
				F35201EA27558D8100C3ABB8 /* App Marvel */,
				F352020027558D8500C3ABB8 /* App MarvelTests */,
				F352020A27558D8500C3ABB8 /* App MarvelUITests */,
			);
		};
/* End PBXProject section */

/* Begin PBXResourcesBuildPhase section */
		F35201E927558D8100C3ABB8 /* Resources */ = {
			isa = PBXResourcesBuildPhase;
			buildActionMask = 2147483647;
			files = (
				F35201FB27558D8500C3ABB8 /* LaunchScreen.storyboard in Resources */,
				F35201F827558D8500C3ABB8 /* Assets.xcassets in Resources */,
				F35201F627558D8100C3ABB8 /* Main.storyboard in Resources */,
			);
			runOnlyForDeploymentPostprocessing = 0;
		};
		F35201FF27558D8500C3ABB8 /* Resources */ = {
			isa = PBXResourcesBuildPhase;
			buildActionMask = 2147483647;
			files = (
			);
			runOnlyForDeploymentPostprocessing = 0;
		};
		F352020927558D8500C3ABB8 /* Resources */ = {
			isa = PBXResourcesBuildPhase;
			buildActionMask = 2147483647;
			files = (
			);
			runOnlyForDeploymentPostprocessing = 0;
		};
/* End PBXResourcesBuildPhase section */

/* Begin PBXSourcesBuildPhase section */
		F35201E727558D8100C3ABB8 /* Sources */ = {
			isa = PBXSourcesBuildPhase;
			buildActionMask = 2147483647;
			files = (
				F35202D9275870F500C3ABB8 /* MarvelManager.swift in Sources */,
				F35202292758531100C3ABB8 /* HomePresenter.swift in Sources */,
				F35201F327558D8100C3ABB8 /* ViewController.swift in Sources */,
				F35202F02758EA0F00C3ABB8 /* ComicCharacterEntenty.swift in Sources */,
				F35202E02758750200C3ABB8 /* ComicCharacter.swift in Sources */,
				F3520227275852F600C3ABB8 /* HomeInterector.swift in Sources */,
				F35202F42759065C00C3ABB8 /* CharacterCell.swift in Sources */,
				F35203052762CAEA00C3ABB8 /* Comic.swift in Sources */,
				F3520225275852D500C3ABB8 /* HomeFactory.swift in Sources */,
				F35201EF27558D8100C3ABB8 /* AppDelegate.swift in Sources */,
				F35202FB2762B37800C3ABB8 /* DetailComicFactory.swift in Sources */,
				F35202DB2758749E00C3ABB8 /* DataContainer.swift in Sources */,
				F352022D2758539700C3ABB8 /* HomeViewController.swift in Sources */,
				F35202E22758752E00C3ABB8 /* Image.swift in Sources */,
				F35202FD2762B38A00C3ABB8 /* DetailComicPresenter.swift in Sources */,
				F35202EA2758780400C3ABB8 /* HTTPParameter.swift in Sources */,
				F35202EC27587D2A00C3ABB8 /* GetCharacters.swift in Sources */,
				F352022B2758534A00C3ABB8 /* HomeWireframe.swift in Sources */,
				F35203012762B41300C3ABB8 /* DetailComicWireframe.swift in Sources */,
				F35202F92762B34D00C3ABB8 /* DetailComicViewController.swift in Sources */,
				F3520220275662CF00C3ABB8 /* md5.swift in Sources */,
				F35202DE275874CE00C3ABB8 /* MarvelResponse.swift in Sources */,
				F35202FF2762B3AE00C3ABB8 /* DetailComicInteractor.swift in Sources */,
				F35202E42758755500C3ABB8 /* MarvelError.swift in Sources */,
				F35201F127558D8100C3ABB8 /* SceneDelegate.swift in Sources */,
				F35202E62758762200C3ABB8 /* APIRequest.swift in Sources */,
				F35202E82758779A00C3ABB8 /* URLQueryItemEncoder.swift in Sources */,
				F35202F22758ECFB00C3ABB8 /* ComicCharacterDisplay.swift in Sources */,
				F35202D5275867C900C3ABB8 /* MarvelApiClient.swift in Sources */,
				F35203032762C9DE00C3ABB8 /* GetComic.swift in Sources */,
			);
			runOnlyForDeploymentPostprocessing = 0;
		};
		F35201FD27558D8500C3ABB8 /* Sources */ = {
			isa = PBXSourcesBuildPhase;
			buildActionMask = 2147483647;
			files = (
				F352020627558D8500C3ABB8 /* App_MarvelTests.swift in Sources */,
			);
			runOnlyForDeploymentPostprocessing = 0;
		};
		F352020727558D8500C3ABB8 /* Sources */ = {
			isa = PBXSourcesBuildPhase;
			buildActionMask = 2147483647;
			files = (
				F352021027558D8500C3ABB8 /* App_MarvelUITests.swift in Sources */,
				F352021227558D8500C3ABB8 /* App_MarvelUITestsLaunchTests.swift in Sources */,
			);
			runOnlyForDeploymentPostprocessing = 0;
		};
/* End PBXSourcesBuildPhase section */

/* Begin PBXTargetDependency section */
		F352020327558D8500C3ABB8 /* PBXTargetDependency */ = {
			isa = PBXTargetDependency;
			target = F35201EA27558D8100C3ABB8 /* App Marvel */;
			targetProxy = F352020227558D8500C3ABB8 /* PBXContainerItemProxy */;
		};
		F352020D27558D8500C3ABB8 /* PBXTargetDependency */ = {
			isa = PBXTargetDependency;
			target = F35201EA27558D8100C3ABB8 /* App Marvel */;
			targetProxy = F352020C27558D8500C3ABB8 /* PBXContainerItemProxy */;
		};
/* End PBXTargetDependency section */

/* Begin PBXVariantGroup section */
		F35201F427558D8100C3ABB8 /* Main.storyboard */ = {
			isa = PBXVariantGroup;
			children = (
				F35201F527558D8100C3ABB8 /* Base */,
			);
			name = Main.storyboard;
			sourceTree = "<group>";
		};
		F35201F927558D8500C3ABB8 /* LaunchScreen.storyboard */ = {
			isa = PBXVariantGroup;
			children = (
				F35201FA27558D8500C3ABB8 /* Base */,
			);
			name = LaunchScreen.storyboard;
			sourceTree = "<group>";
		};
/* End PBXVariantGroup section */

/* Begin XCBuildConfiguration section */
		F352021327558D8500C3ABB8 /* Debug */ = {
			isa = XCBuildConfiguration;
			buildSettings = {
				ALWAYS_SEARCH_USER_PATHS = NO;
				CLANG_ANALYZER_NONNULL = YES;
				CLANG_ANALYZER_NUMBER_OBJECT_CONVERSION = YES_AGGRESSIVE;
				CLANG_CXX_LANGUAGE_STANDARD = "gnu++17";
				CLANG_CXX_LIBRARY = "libc++";
				CLANG_ENABLE_MODULES = YES;
				CLANG_ENABLE_OBJC_ARC = YES;
				CLANG_ENABLE_OBJC_WEAK = YES;
				CLANG_WARN_BLOCK_CAPTURE_AUTORELEASING = YES;
				CLANG_WARN_BOOL_CONVERSION = YES;
				CLANG_WARN_COMMA = YES;
				CLANG_WARN_CONSTANT_CONVERSION = YES;
				CLANG_WARN_DEPRECATED_OBJC_IMPLEMENTATIONS = YES;
				CLANG_WARN_DIRECT_OBJC_ISA_USAGE = YES_ERROR;
				CLANG_WARN_DOCUMENTATION_COMMENTS = YES;
				CLANG_WARN_EMPTY_BODY = YES;
				CLANG_WARN_ENUM_CONVERSION = YES;
				CLANG_WARN_INFINITE_RECURSION = YES;
				CLANG_WARN_INT_CONVERSION = YES;
				CLANG_WARN_NON_LITERAL_NULL_CONVERSION = YES;
				CLANG_WARN_OBJC_IMPLICIT_RETAIN_SELF = YES;
				CLANG_WARN_OBJC_LITERAL_CONVERSION = YES;
				CLANG_WARN_OBJC_ROOT_CLASS = YES_ERROR;
				CLANG_WARN_QUOTED_INCLUDE_IN_FRAMEWORK_HEADER = YES;
				CLANG_WARN_RANGE_LOOP_ANALYSIS = YES;
				CLANG_WARN_STRICT_PROTOTYPES = YES;
				CLANG_WARN_SUSPICIOUS_MOVE = YES;
				CLANG_WARN_UNGUARDED_AVAILABILITY = YES_AGGRESSIVE;
				CLANG_WARN_UNREACHABLE_CODE = YES;
				CLANG_WARN__DUPLICATE_METHOD_MATCH = YES;
				COPY_PHASE_STRIP = NO;
				DEBUG_INFORMATION_FORMAT = dwarf;
				ENABLE_STRICT_OBJC_MSGSEND = YES;
				ENABLE_TESTABILITY = YES;
				GCC_C_LANGUAGE_STANDARD = gnu11;
				GCC_DYNAMIC_NO_PIC = NO;
				GCC_NO_COMMON_BLOCKS = YES;
				GCC_OPTIMIZATION_LEVEL = 0;
				GCC_PREPROCESSOR_DEFINITIONS = (
					"DEBUG=1",
					"$(inherited)",
				);
				GCC_WARN_64_TO_32_BIT_CONVERSION = YES;
				GCC_WARN_ABOUT_RETURN_TYPE = YES_ERROR;
				GCC_WARN_UNDECLARED_SELECTOR = YES;
				GCC_WARN_UNINITIALIZED_AUTOS = YES_AGGRESSIVE;
				GCC_WARN_UNUSED_FUNCTION = YES;
				GCC_WARN_UNUSED_VARIABLE = YES;
				IPHONEOS_DEPLOYMENT_TARGET = 15.0;
				MTL_ENABLE_DEBUG_INFO = INCLUDE_SOURCE;
				MTL_FAST_MATH = YES;
				ONLY_ACTIVE_ARCH = YES;
				SDKROOT = iphoneos;
				SWIFT_ACTIVE_COMPILATION_CONDITIONS = DEBUG;
				SWIFT_OPTIMIZATION_LEVEL = "-Onone";
			};
			name = Debug;
		};
		F352021427558D8500C3ABB8 /* Release */ = {
			isa = XCBuildConfiguration;
			buildSettings = {
				ALWAYS_SEARCH_USER_PATHS = NO;
				CLANG_ANALYZER_NONNULL = YES;
				CLANG_ANALYZER_NUMBER_OBJECT_CONVERSION = YES_AGGRESSIVE;
				CLANG_CXX_LANGUAGE_STANDARD = "gnu++17";
				CLANG_CXX_LIBRARY = "libc++";
				CLANG_ENABLE_MODULES = YES;
				CLANG_ENABLE_OBJC_ARC = YES;
				CLANG_ENABLE_OBJC_WEAK = YES;
				CLANG_WARN_BLOCK_CAPTURE_AUTORELEASING = YES;
				CLANG_WARN_BOOL_CONVERSION = YES;
				CLANG_WARN_COMMA = YES;
				CLANG_WARN_CONSTANT_CONVERSION = YES;
				CLANG_WARN_DEPRECATED_OBJC_IMPLEMENTATIONS = YES;
				CLANG_WARN_DIRECT_OBJC_ISA_USAGE = YES_ERROR;
				CLANG_WARN_DOCUMENTATION_COMMENTS = YES;
				CLANG_WARN_EMPTY_BODY = YES;
				CLANG_WARN_ENUM_CONVERSION = YES;
				CLANG_WARN_INFINITE_RECURSION = YES;
				CLANG_WARN_INT_CONVERSION = YES;
				CLANG_WARN_NON_LITERAL_NULL_CONVERSION = YES;
				CLANG_WARN_OBJC_IMPLICIT_RETAIN_SELF = YES;
				CLANG_WARN_OBJC_LITERAL_CONVERSION = YES;
				CLANG_WARN_OBJC_ROOT_CLASS = YES_ERROR;
				CLANG_WARN_QUOTED_INCLUDE_IN_FRAMEWORK_HEADER = YES;
				CLANG_WARN_RANGE_LOOP_ANALYSIS = YES;
				CLANG_WARN_STRICT_PROTOTYPES = YES;
				CLANG_WARN_SUSPICIOUS_MOVE = YES;
				CLANG_WARN_UNGUARDED_AVAILABILITY = YES_AGGRESSIVE;
				CLANG_WARN_UNREACHABLE_CODE = YES;
				CLANG_WARN__DUPLICATE_METHOD_MATCH = YES;
				COPY_PHASE_STRIP = NO;
				DEBUG_INFORMATION_FORMAT = "dwarf-with-dsym";
				ENABLE_NS_ASSERTIONS = NO;
				ENABLE_STRICT_OBJC_MSGSEND = YES;
				GCC_C_LANGUAGE_STANDARD = gnu11;
				GCC_NO_COMMON_BLOCKS = YES;
				GCC_WARN_64_TO_32_BIT_CONVERSION = YES;
				GCC_WARN_ABOUT_RETURN_TYPE = YES_ERROR;
				GCC_WARN_UNDECLARED_SELECTOR = YES;
				GCC_WARN_UNINITIALIZED_AUTOS = YES_AGGRESSIVE;
				GCC_WARN_UNUSED_FUNCTION = YES;
				GCC_WARN_UNUSED_VARIABLE = YES;
				IPHONEOS_DEPLOYMENT_TARGET = 15.0;
				MTL_ENABLE_DEBUG_INFO = NO;
				MTL_FAST_MATH = YES;
				SDKROOT = iphoneos;
				SWIFT_COMPILATION_MODE = wholemodule;
				SWIFT_OPTIMIZATION_LEVEL = "-O";
				VALIDATE_PRODUCT = YES;
			};
			name = Release;
		};
		F352021627558D8500C3ABB8 /* Debug */ = {
			isa = XCBuildConfiguration;
			buildSettings = {
				ASSETCATALOG_COMPILER_APPICON_NAME = AppIcon;
				ASSETCATALOG_COMPILER_GLOBAL_ACCENT_COLOR_NAME = AccentColor;
				CODE_SIGN_STYLE = Automatic;
				CURRENT_PROJECT_VERSION = 1;
				DEVELOPMENT_TEAM = TJGSV4PM7V;
				GENERATE_INFOPLIST_FILE = YES;
				INFOPLIST_FILE = "App Marvel/Info.plist";
				INFOPLIST_KEY_UIApplicationSupportsIndirectInputEvents = YES;
				INFOPLIST_KEY_UILaunchStoryboardName = LaunchScreen;
				INFOPLIST_KEY_UIMainStoryboardFile = Main;
				INFOPLIST_KEY_UISupportedInterfaceOrientations_iPad = "UIInterfaceOrientationPortrait UIInterfaceOrientationPortraitUpsideDown UIInterfaceOrientationLandscapeLeft UIInterfaceOrientationLandscapeRight";
				INFOPLIST_KEY_UISupportedInterfaceOrientations_iPhone = "UIInterfaceOrientationPortrait UIInterfaceOrientationLandscapeLeft UIInterfaceOrientationLandscapeRight";
				LD_RUNPATH_SEARCH_PATHS = (
					"$(inherited)",
					"@executable_path/Frameworks",
				);
				MARKETING_VERSION = 1.0;
				PRODUCT_BUNDLE_IDENTIFIER = "br.com.thgdigital.App-Marvel";
				PRODUCT_NAME = "$(TARGET_NAME)";
				SWIFT_EMIT_LOC_STRINGS = YES;
				SWIFT_VERSION = 5.0;
				TARGETED_DEVICE_FAMILY = "1,2";
			};
			name = Debug;
		};
		F352021727558D8500C3ABB8 /* Release */ = {
			isa = XCBuildConfiguration;
			buildSettings = {
				ASSETCATALOG_COMPILER_APPICON_NAME = AppIcon;
				ASSETCATALOG_COMPILER_GLOBAL_ACCENT_COLOR_NAME = AccentColor;
				CODE_SIGN_STYLE = Automatic;
				CURRENT_PROJECT_VERSION = 1;
				DEVELOPMENT_TEAM = TJGSV4PM7V;
				GENERATE_INFOPLIST_FILE = YES;
				INFOPLIST_FILE = "App Marvel/Info.plist";
				INFOPLIST_KEY_UIApplicationSupportsIndirectInputEvents = YES;
				INFOPLIST_KEY_UILaunchStoryboardName = LaunchScreen;
				INFOPLIST_KEY_UIMainStoryboardFile = Main;
				INFOPLIST_KEY_UISupportedInterfaceOrientations_iPad = "UIInterfaceOrientationPortrait UIInterfaceOrientationPortraitUpsideDown UIInterfaceOrientationLandscapeLeft UIInterfaceOrientationLandscapeRight";
				INFOPLIST_KEY_UISupportedInterfaceOrientations_iPhone = "UIInterfaceOrientationPortrait UIInterfaceOrientationLandscapeLeft UIInterfaceOrientationLandscapeRight";
				LD_RUNPATH_SEARCH_PATHS = (
					"$(inherited)",
					"@executable_path/Frameworks",
				);
				MARKETING_VERSION = 1.0;
				PRODUCT_BUNDLE_IDENTIFIER = "br.com.thgdigital.App-Marvel";
				PRODUCT_NAME = "$(TARGET_NAME)";
				SWIFT_EMIT_LOC_STRINGS = YES;
				SWIFT_VERSION = 5.0;
				TARGETED_DEVICE_FAMILY = "1,2";
			};
			name = Release;
		};
		F352021927558D8500C3ABB8 /* Debug */ = {
			isa = XCBuildConfiguration;
			buildSettings = {
				ALWAYS_EMBED_SWIFT_STANDARD_LIBRARIES = YES;
				BUNDLE_LOADER = "$(TEST_HOST)";
				CODE_SIGN_STYLE = Automatic;
				CURRENT_PROJECT_VERSION = 1;
				DEVELOPMENT_TEAM = TJGSV4PM7V;
				GENERATE_INFOPLIST_FILE = YES;
				IPHONEOS_DEPLOYMENT_TARGET = 15.0;
				LD_RUNPATH_SEARCH_PATHS = (
					"$(inherited)",
					"@executable_path/Frameworks",
					"@loader_path/Frameworks",
				);
				MARKETING_VERSION = 1.0;
				PRODUCT_BUNDLE_IDENTIFIER = "br.com.thgdigital.App-MarvelTests";
				PRODUCT_NAME = "$(TARGET_NAME)";
				SWIFT_EMIT_LOC_STRINGS = NO;
				SWIFT_VERSION = 5.0;
				TARGETED_DEVICE_FAMILY = "1,2";
				TEST_HOST = "$(BUILT_PRODUCTS_DIR)/App Marvel.app/App Marvel";
			};
			name = Debug;
		};
		F352021A27558D8500C3ABB8 /* Release */ = {
			isa = XCBuildConfiguration;
			buildSettings = {
				ALWAYS_EMBED_SWIFT_STANDARD_LIBRARIES = YES;
				BUNDLE_LOADER = "$(TEST_HOST)";
				CODE_SIGN_STYLE = Automatic;
				CURRENT_PROJECT_VERSION = 1;
				DEVELOPMENT_TEAM = TJGSV4PM7V;
				GENERATE_INFOPLIST_FILE = YES;
				IPHONEOS_DEPLOYMENT_TARGET = 15.0;
				LD_RUNPATH_SEARCH_PATHS = (
					"$(inherited)",
					"@executable_path/Frameworks",
					"@loader_path/Frameworks",
				);
				MARKETING_VERSION = 1.0;
				PRODUCT_BUNDLE_IDENTIFIER = "br.com.thgdigital.App-MarvelTests";
				PRODUCT_NAME = "$(TARGET_NAME)";
				SWIFT_EMIT_LOC_STRINGS = NO;
				SWIFT_VERSION = 5.0;
				TARGETED_DEVICE_FAMILY = "1,2";
				TEST_HOST = "$(BUILT_PRODUCTS_DIR)/App Marvel.app/App Marvel";
			};
			name = Release;
		};
		F352021C27558D8500C3ABB8 /* Debug */ = {
			isa = XCBuildConfiguration;
			buildSettings = {
				ALWAYS_EMBED_SWIFT_STANDARD_LIBRARIES = YES;
				CODE_SIGN_STYLE = Automatic;
				CURRENT_PROJECT_VERSION = 1;
				DEVELOPMENT_TEAM = TJGSV4PM7V;
				GENERATE_INFOPLIST_FILE = YES;
				LD_RUNPATH_SEARCH_PATHS = (
					"$(inherited)",
					"@executable_path/Frameworks",
					"@loader_path/Frameworks",
				);
				MARKETING_VERSION = 1.0;
				PRODUCT_BUNDLE_IDENTIFIER = "br.com.thgdigital.App-MarvelUITests";
				PRODUCT_NAME = "$(TARGET_NAME)";
				SWIFT_EMIT_LOC_STRINGS = NO;
				SWIFT_VERSION = 5.0;
				TARGETED_DEVICE_FAMILY = "1,2";
				TEST_TARGET_NAME = "App Marvel";
			};
			name = Debug;
		};
		F352021D27558D8500C3ABB8 /* Release */ = {
			isa = XCBuildConfiguration;
			buildSettings = {
				ALWAYS_EMBED_SWIFT_STANDARD_LIBRARIES = YES;
				CODE_SIGN_STYLE = Automatic;
				CURRENT_PROJECT_VERSION = 1;
				DEVELOPMENT_TEAM = TJGSV4PM7V;
				GENERATE_INFOPLIST_FILE = YES;
				LD_RUNPATH_SEARCH_PATHS = (
					"$(inherited)",
					"@executable_path/Frameworks",
					"@loader_path/Frameworks",
				);
				MARKETING_VERSION = 1.0;
				PRODUCT_BUNDLE_IDENTIFIER = "br.com.thgdigital.App-MarvelUITests";
				PRODUCT_NAME = "$(TARGET_NAME)";
				SWIFT_EMIT_LOC_STRINGS = NO;
				SWIFT_VERSION = 5.0;
				TARGETED_DEVICE_FAMILY = "1,2";
				TEST_TARGET_NAME = "App Marvel";
			};
			name = Release;
		};
/* End XCBuildConfiguration section */

/* Begin XCConfigurationList section */
		F35201E627558D8100C3ABB8 /* Build configuration list for PBXProject "App Marvel" */ = {
			isa = XCConfigurationList;
			buildConfigurations = (
				F352021327558D8500C3ABB8 /* Debug */,
				F352021427558D8500C3ABB8 /* Release */,
			);
			defaultConfigurationIsVisible = 0;
			defaultConfigurationName = Release;
		};
		F352021527558D8500C3ABB8 /* Build configuration list for PBXNativeTarget "App Marvel" */ = {
			isa = XCConfigurationList;
			buildConfigurations = (
				F352021627558D8500C3ABB8 /* Debug */,
				F352021727558D8500C3ABB8 /* Release */,
			);
			defaultConfigurationIsVisible = 0;
			defaultConfigurationName = Release;
		};
		F352021827558D8500C3ABB8 /* Build configuration list for PBXNativeTarget "App MarvelTests" */ = {
			isa = XCConfigurationList;
			buildConfigurations = (
				F352021927558D8500C3ABB8 /* Debug */,
				F352021A27558D8500C3ABB8 /* Release */,
			);
			defaultConfigurationIsVisible = 0;
			defaultConfigurationName = Release;
		};
		F352021B27558D8500C3ABB8 /* Build configuration list for PBXNativeTarget "App MarvelUITests" */ = {
			isa = XCConfigurationList;
			buildConfigurations = (
				F352021C27558D8500C3ABB8 /* Debug */,
				F352021D27558D8500C3ABB8 /* Release */,
			);
			defaultConfigurationIsVisible = 0;
			defaultConfigurationName = Release;
		};
/* End XCConfigurationList section */
	};
	rootObject = F35201E327558D8100C3ABB8 /* Project object */;
}
